
Microsoft Visual Studio Solution File, Format Version 12.00
# Visual Studio 15
VisualStudioVersion = 15.0.26124.0
MinimumVisualStudioVersion = 15.0.26124.0
Project("{FAE04EC0-301F-11D3-BF4B-00C04F79EFBC}") = "Blog.Web", "Blog.Web\Blog.Web.csproj", "{49FAA25A-DBD7-4B47-8C9C-D37C8B5A2C67}"
EndProject
Project("{FAE04EC0-301F-11D3-BF4B-00C04F79EFBC}") = "Blog.Core.Model", "Blog.Core.Model\Blog.Core.Model.csproj", "{0B5681B6-68F6-4845-B0A1-E34F39E2B187}"
EndProject
Project("{2150E333-8FDC-42A3-9474-1A3956D46DE8}") = "infrastructure", "infrastructure", "{FB26B624-7156-40B0-9020-0C664C814F59}"
EndProject
Project("{FAE04EC0-301F-11D3-BF4B-00C04F79EFBC}") = "Blog.Core.Common", "Blog.Core.Common\Blog.Core.Common.csproj", "{2A79C5B5-D8AA-4558-AA2F-431E7EBEE3A3}"
EndProject
Project("{FAE04EC0-301F-11D3-BF4B-00C04F79EFBC}") = "Blog.Core.Repository", "Blog.Core.Repository\Blog.Core.Repository.csproj", "{EB3BC019-3B55-49DB-A5CB-E98BA18B268A}"
EndProject
Project("{2150E333-8FDC-42A3-9474-1A3956D46DE8}") = "domain", "domain", "{899665B1-CDF4-44FC-AC00-CF00D105A5FA}"
EndProject
Project("{FAE04EC0-301F-11D3-BF4B-00C04F79EFBC}") = "Blog.Core.IRepository", "Blog.Core.IRepository\Blog.Core.IRepository.csproj", "{1F1EBDB2-42C8-4A83-A572-FB5E8C1F8ED9}"
EndProject
Project("{2150E333-8FDC-42A3-9474-1A3956D46DE8}") = "application", "application", "{02E6B395-4EC2-45AF-A832-A287CCC6EBEF}"
EndProject
Project("{FAE04EC0-301F-11D3-BF4B-00C04F79EFBC}") = "Blog.Core.IApplication", "Blog.Core.IApplication\Blog.Core.IApplication.csproj", "{8CB7C38D-7434-4B39-AB05-9535378E35A3}"
EndProject
Project("{FAE04EC0-301F-11D3-BF4B-00C04F79EFBC}") = "Blog.Core.Application", "Blog.Core.Application\Blog.Core.Application.csproj", "{19D787AE-FC87-4AB1-948B-9A7BA235102F}"
EndProject
Project("{FAE04EC0-301F-11D3-BF4B-00C04F79EFBC}") = "Blog.Core.Entityframework", "Blog.Core.Entityframework\Blog.Core.Entityframework.csproj", "{389D604C-EC58-449F-AB5E-FFE202B9874F}"
EndProject
Project("{FAE04EC0-301F-11D3-BF4B-00C04F79EFBC}") = "Blog.Core.Cache", "Blog.Core.Cache\Blog.Core.Cache.csproj", "{41228FC3-56F2-4A56-9903-402110722D39}"
EndProject
Project("{2150E333-8FDC-42A3-9474-1A3956D46DE8}") = "web", "web", "{D3DD17AC-849A-4D5E-93B7-E7C2871E0513}"
EndProject
Global
	GlobalSection(SolutionConfigurationPlatforms) = preSolution
		Debug|Any CPU = Debug|Any CPU
		Debug|x64 = Debug|x64
		Debug|x86 = Debug|x86
		Release|Any CPU = Release|Any CPU
		Release|x64 = Release|x64
		Release|x86 = Release|x86
	EndGlobalSection
	GlobalSection(SolutionProperties) = preSolution
		HideSolutionNode = FALSE
	EndGlobalSection
	GlobalSection(ProjectConfigurationPlatforms) = postSolution
		{49FAA25A-DBD7-4B47-8C9C-D37C8B5A2C67}.Debug|Any CPU.ActiveCfg = Debug|Any CPU
		{49FAA25A-DBD7-4B47-8C9C-D37C8B5A2C67}.Debug|Any CPU.Build.0 = Debug|Any CPU
		{49FAA25A-DBD7-4B47-8C9C-D37C8B5A2C67}.Debug|x64.ActiveCfg = Debug|Any CPU
		{49FAA25A-DBD7-4B47-8C9C-D37C8B5A2C67}.Debug|x64.Build.0 = Debug|Any CPU
		{49FAA25A-DBD7-4B47-8C9C-D37C8B5A2C67}.Debug|x86.ActiveCfg = Debug|Any CPU
		{49FAA25A-DBD7-4B47-8C9C-D37C8B5A2C67}.Debug|x86.Build.0 = Debug|Any CPU
		{49FAA25A-DBD7-4B47-8C9C-D37C8B5A2C67}.Release|Any CPU.ActiveCfg = Release|Any CPU
		{49FAA25A-DBD7-4B47-8C9C-D37C8B5A2C67}.Release|Any CPU.Build.0 = Release|Any CPU
		{49FAA25A-DBD7-4B47-8C9C-D37C8B5A2C67}.Release|x64.ActiveCfg = Release|Any CPU
		{49FAA25A-DBD7-4B47-8C9C-D37C8B5A2C67}.Release|x64.Build.0 = Release|Any CPU
		{49FAA25A-DBD7-4B47-8C9C-D37C8B5A2C67}.Release|x86.ActiveCfg = Release|Any CPU
		{49FAA25A-DBD7-4B47-8C9C-D37C8B5A2C67}.Release|x86.Build.0 = Release|Any CPU
		{0B5681B6-68F6-4845-B0A1-E34F39E2B187}.Debug|Any CPU.ActiveCfg = Debug|Any CPU
		{0B5681B6-68F6-4845-B0A1-E34F39E2B187}.Debug|Any CPU.Build.0 = Debug|Any CPU
		{0B5681B6-68F6-4845-B0A1-E34F39E2B187}.Debug|x64.ActiveCfg = Debug|Any CPU
		{0B5681B6-68F6-4845-B0A1-E34F39E2B187}.Debug|x64.Build.0 = Debug|Any CPU
		{0B5681B6-68F6-4845-B0A1-E34F39E2B187}.Debug|x86.ActiveCfg = Debug|Any CPU
		{0B5681B6-68F6-4845-B0A1-E34F39E2B187}.Debug|x86.Build.0 = Debug|Any CPU
		{0B5681B6-68F6-4845-B0A1-E34F39E2B187}.Release|Any CPU.ActiveCfg = Release|Any CPU
		{0B5681B6-68F6-4845-B0A1-E34F39E2B187}.Release|Any CPU.Build.0 = Release|Any CPU
		{0B5681B6-68F6-4845-B0A1-E34F39E2B187}.Release|x64.ActiveCfg = Release|Any CPU
		{0B5681B6-68F6-4845-B0A1-E34F39E2B187}.Release|x64.Build.0 = Release|Any CPU
		{0B5681B6-68F6-4845-B0A1-E34F39E2B187}.Release|x86.ActiveCfg = Release|Any CPU
		{0B5681B6-68F6-4845-B0A1-E34F39E2B187}.Release|x86.Build.0 = Release|Any CPU
		{2A79C5B5-D8AA-4558-AA2F-431E7EBEE3A3}.Debug|Any CPU.ActiveCfg = Debug|Any CPU
		{2A79C5B5-D8AA-4558-AA2F-431E7EBEE3A3}.Debug|Any CPU.Build.0 = Debug|Any CPU
		{2A79C5B5-D8AA-4558-AA2F-431E7EBEE3A3}.Debug|x64.ActiveCfg = Debug|Any CPU
		{2A79C5B5-D8AA-4558-AA2F-431E7EBEE3A3}.Debug|x64.Build.0 = Debug|Any CPU
		{2A79C5B5-D8AA-4558-AA2F-431E7EBEE3A3}.Debug|x86.ActiveCfg = Debug|Any CPU
		{2A79C5B5-D8AA-4558-AA2F-431E7EBEE3A3}.Debug|x86.Build.0 = Debug|Any CPU
		{2A79C5B5-D8AA-4558-AA2F-431E7EBEE3A3}.Release|Any CPU.ActiveCfg = Release|Any CPU
		{2A79C5B5-D8AA-4558-AA2F-431E7EBEE3A3}.Release|Any CPU.Build.0 = Release|Any CPU
		{2A79C5B5-D8AA-4558-AA2F-431E7EBEE3A3}.Release|x64.ActiveCfg = Release|Any CPU
		{2A79C5B5-D8AA-4558-AA2F-431E7EBEE3A3}.Release|x64.Build.0 = Release|Any CPU
		{2A79C5B5-D8AA-4558-AA2F-431E7EBEE3A3}.Release|x86.ActiveCfg = Release|Any CPU
		{2A79C5B5-D8AA-4558-AA2F-431E7EBEE3A3}.Release|x86.Build.0 = Release|Any CPU
		{EB3BC019-3B55-49DB-A5CB-E98BA18B268A}.Debug|Any CPU.ActiveCfg = Debug|Any CPU
		{EB3BC019-3B55-49DB-A5CB-E98BA18B268A}.Debug|Any CPU.Build.0 = Debug|Any CPU
		{EB3BC019-3B55-49DB-A5CB-E98BA18B268A}.Debug|x64.ActiveCfg = Debug|Any CPU
		{EB3BC019-3B55-49DB-A5CB-E98BA18B268A}.Debug|x64.Build.0 = Debug|Any CPU
		{EB3BC019-3B55-49DB-A5CB-E98BA18B268A}.Debug|x86.ActiveCfg = Debug|Any CPU
		{EB3BC019-3B55-49DB-A5CB-E98BA18B268A}.Debug|x86.Build.0 = Debug|Any CPU
		{EB3BC019-3B55-49DB-A5CB-E98BA18B268A}.Release|Any CPU.ActiveCfg = Release|Any CPU
		{EB3BC019-3B55-49DB-A5CB-E98BA18B268A}.Release|Any CPU.Build.0 = Release|Any CPU
		{EB3BC019-3B55-49DB-A5CB-E98BA18B268A}.Release|x64.ActiveCfg = Release|Any CPU
		{EB3BC019-3B55-49DB-A5CB-E98BA18B268A}.Release|x64.Build.0 = Release|Any CPU
		{EB3BC019-3B55-49DB-A5CB-E98BA18B268A}.Release|x86.ActiveCfg = Release|Any CPU
		{EB3BC019-3B55-49DB-A5CB-E98BA18B268A}.Release|x86.Build.0 = Release|Any CPU
		{1F1EBDB2-42C8-4A83-A572-FB5E8C1F8ED9}.Debug|Any CPU.ActiveCfg = Debug|Any CPU
		{1F1EBDB2-42C8-4A83-A572-FB5E8C1F8ED9}.Debug|Any CPU.Build.0 = Debug|Any CPU
		{1F1EBDB2-42C8-4A83-A572-FB5E8C1F8ED9}.Debug|x64.ActiveCfg = Debug|Any CPU
		{1F1EBDB2-42C8-4A83-A572-FB5E8C1F8ED9}.Debug|x64.Build.0 = Debug|Any CPU
		{1F1EBDB2-42C8-4A83-A572-FB5E8C1F8ED9}.Debug|x86.ActiveCfg = Debug|Any CPU
		{1F1EBDB2-42C8-4A83-A572-FB5E8C1F8ED9}.Debug|x86.Build.0 = Debug|Any CPU
		{1F1EBDB2-42C8-4A83-A572-FB5E8C1F8ED9}.Release|Any CPU.ActiveCfg = Release|Any CPU
		{1F1EBDB2-42C8-4A83-A572-FB5E8C1F8ED9}.Release|Any CPU.Build.0 = Release|Any CPU
		{1F1EBDB2-42C8-4A83-A572-FB5E8C1F8ED9}.Release|x64.ActiveCfg = Release|Any CPU
		{1F1EBDB2-42C8-4A83-A572-FB5E8C1F8ED9}.Release|x64.Build.0 = Release|Any CPU
		{1F1EBDB2-42C8-4A83-A572-FB5E8C1F8ED9}.Release|x86.ActiveCfg = Release|Any CPU
		{1F1EBDB2-42C8-4A83-A572-FB5E8C1F8ED9}.Release|x86.Build.0 = Release|Any CPU
		{8CB7C38D-7434-4B39-AB05-9535378E35A3}.Debug|Any CPU.ActiveCfg = Debug|Any CPU
		{8CB7C38D-7434-4B39-AB05-9535378E35A3}.Debug|Any CPU.Build.0 = Debug|Any CPU
		{8CB7C38D-7434-4B39-AB05-9535378E35A3}.Debug|x64.ActiveCfg = Debug|Any CPU
		{8CB7C38D-7434-4B39-AB05-9535378E35A3}.Debug|x64.Build.0 = Debug|Any CPU
		{8CB7C38D-7434-4B39-AB05-9535378E35A3}.Debug|x86.ActiveCfg = Debug|Any CPU
		{8CB7C38D-7434-4B39-AB05-9535378E35A3}.Debug|x86.Build.0 = Debug|Any CPU
		{8CB7C38D-7434-4B39-AB05-9535378E35A3}.Release|Any CPU.ActiveCfg = Release|Any CPU
		{8CB7C38D-7434-4B39-AB05-9535378E35A3}.Release|Any CPU.Build.0 = Release|Any CPU
		{8CB7C38D-7434-4B39-AB05-9535378E35A3}.Release|x64.ActiveCfg = Release|Any CPU
		{8CB7C38D-7434-4B39-AB05-9535378E35A3}.Release|x64.Build.0 = Release|Any CPU
		{8CB7C38D-7434-4B39-AB05-9535378E35A3}.Release|x86.ActiveCfg = Release|Any CPU
		{8CB7C38D-7434-4B39-AB05-9535378E35A3}.Release|x86.Build.0 = Release|Any CPU
		{19D787AE-FC87-4AB1-948B-9A7BA235102F}.Debug|Any CPU.ActiveCfg = Debug|Any CPU
		{19D787AE-FC87-4AB1-948B-9A7BA235102F}.Debug|Any CPU.Build.0 = Debug|Any CPU
		{19D787AE-FC87-4AB1-948B-9A7BA235102F}.Debug|x64.ActiveCfg = Debug|Any CPU
		{19D787AE-FC87-4AB1-948B-9A7BA235102F}.Debug|x64.Build.0 = Debug|Any CPU
		{19D787AE-FC87-4AB1-948B-9A7BA235102F}.Debug|x86.ActiveCfg = Debug|Any CPU
		{19D787AE-FC87-4AB1-948B-9A7BA235102F}.Debug|x86.Build.0 = Debug|Any CPU
		{19D787AE-FC87-4AB1-948B-9A7BA235102F}.Release|Any CPU.ActiveCfg = Release|Any CPU
		{19D787AE-FC87-4AB1-948B-9A7BA235102F}.Release|Any CPU.Build.0 = Release|Any CPU
		{19D787AE-FC87-4AB1-948B-9A7BA235102F}.Release|x64.ActiveCfg = Release|Any CPU
		{19D787AE-FC87-4AB1-948B-9A7BA235102F}.Release|x64.Build.0 = Release|Any CPU
		{19D787AE-FC87-4AB1-948B-9A7BA235102F}.Release|x86.ActiveCfg = Release|Any CPU
		{19D787AE-FC87-4AB1-948B-9A7BA235102F}.Release|x86.Build.0 = Release|Any CPU
		{389D604C-EC58-449F-AB5E-FFE202B9874F}.Debug|Any CPU.ActiveCfg = Debug|Any CPU
		{389D604C-EC58-449F-AB5E-FFE202B9874F}.Debug|Any CPU.Build.0 = Debug|Any CPU
		{389D604C-EC58-449F-AB5E-FFE202B9874F}.Debug|x64.ActiveCfg = Debug|Any CPU
		{389D604C-EC58-449F-AB5E-FFE202B9874F}.Debug|x64.Build.0 = Debug|Any CPU
		{389D604C-EC58-449F-AB5E-FFE202B9874F}.Debug|x86.ActiveCfg = Debug|Any CPU
		{389D604C-EC58-449F-AB5E-FFE202B9874F}.Debug|x86.Build.0 = Debug|Any CPU
		{389D604C-EC58-449F-AB5E-FFE202B9874F}.Release|Any CPU.ActiveCfg = Release|Any CPU
		{389D604C-EC58-449F-AB5E-FFE202B9874F}.Release|Any CPU.Build.0 = Release|Any CPU
		{389D604C-EC58-449F-AB5E-FFE202B9874F}.Release|x64.ActiveCfg = Release|Any CPU
		{389D604C-EC58-449F-AB5E-FFE202B9874F}.Release|x64.Build.0 = Release|Any CPU
		{389D604C-EC58-449F-AB5E-FFE202B9874F}.Release|x86.ActiveCfg = Release|Any CPU
		{389D604C-EC58-449F-AB5E-FFE202B9874F}.Release|x86.Build.0 = Release|Any CPU
		{41228FC3-56F2-4A56-9903-402110722D39}.Debug|Any CPU.ActiveCfg = Debug|Any CPU
		{41228FC3-56F2-4A56-9903-402110722D39}.Debug|Any CPU.Build.0 = Debug|Any CPU
		{41228FC3-56F2-4A56-9903-402110722D39}.Debug|x64.ActiveCfg = Debug|Any CPU
		{41228FC3-56F2-4A56-9903-402110722D39}.Debug|x64.Build.0 = Debug|Any CPU
		{41228FC3-56F2-4A56-9903-402110722D39}.Debug|x86.ActiveCfg = Debug|Any CPU
		{41228FC3-56F2-4A56-9903-402110722D39}.Debug|x86.Build.0 = Debug|Any CPU
		{41228FC3-56F2-4A56-9903-402110722D39}.Release|Any CPU.ActiveCfg = Release|Any CPU
		{41228FC3-56F2-4A56-9903-402110722D39}.Release|Any CPU.Build.0 = Release|Any CPU
		{41228FC3-56F2-4A56-9903-402110722D39}.Release|x64.ActiveCfg = Release|Any CPU
		{41228FC3-56F2-4A56-9903-402110722D39}.Release|x64.Build.0 = Release|Any CPU
		{41228FC3-56F2-4A56-9903-402110722D39}.Release|x86.ActiveCfg = Release|Any CPU
		{41228FC3-56F2-4A56-9903-402110722D39}.Release|x86.Build.0 = Release|Any CPU
	EndGlobalSection
	GlobalSection(NestedProjects) = preSolution
		{2A79C5B5-D8AA-4558-AA2F-431E7EBEE3A3} = {FB26B624-7156-40B0-9020-0C664C814F59}
		{EB3BC019-3B55-49DB-A5CB-E98BA18B268A} = {FB26B624-7156-40B0-9020-0C664C814F59}
		{0B5681B6-68F6-4845-B0A1-E34F39E2B187} = {899665B1-CDF4-44FC-AC00-CF00D105A5FA}
		{1F1EBDB2-42C8-4A83-A572-FB5E8C1F8ED9} = {899665B1-CDF4-44FC-AC00-CF00D105A5FA}
		{8CB7C38D-7434-4B39-AB05-9535378E35A3} = {02E6B395-4EC2-45AF-A832-A287CCC6EBEF}
		{19D787AE-FC87-4AB1-948B-9A7BA235102F} = {02E6B395-4EC2-45AF-A832-A287CCC6EBEF}
		{389D604C-EC58-449F-AB5E-FFE202B9874F} = {FB26B624-7156-40B0-9020-0C664C814F59}
		{41228FC3-56F2-4A56-9903-402110722D39} = {FB26B624-7156-40B0-9020-0C664C814F59}
		{49FAA25A-DBD7-4B47-8C9C-D37C8B5A2C67} = {D3DD17AC-849A-4D5E-93B7-E7C2871E0513}
	EndGlobalSection
EndGlobal
